// !$*UTF8*$!
{
	archiveVersion = 1;
	classes = {
	};
	objectVersion = 56;
	objects = {

/* Begin PBXBuildFile section */
		4D1468E22AEFC81600667B1D /* SystemSoundsApp.swift in Sources */ = {isa = PBXBuildFile; fileRef = 4D1468E12AEFC81600667B1D /* SystemSoundsApp.swift */; };
		4D1468E42AEFC81600667B1D /* ContentView.swift in Sources */ = {isa = PBXBuildFile; fileRef = 4D1468E32AEFC81600667B1D /* ContentView.swift */; };
		4D1468E62AEFC81700667B1D /* Assets.xcassets in Resources */ = {isa = PBXBuildFile; fileRef = 4D1468E52AEFC81700667B1D /* Assets.xcassets */; };
		4D1468E92AEFC81700667B1D /* Preview Assets.xcassets in Resources */ = {isa = PBXBuildFile; fileRef = 4D1468E82AEFC81700667B1D /* Preview Assets.xcassets */; };
		4D1468F32AEFC81700667B1D /* SystemSoundsTests.swift in Sources */ = {isa = PBXBuildFile; fileRef = 4D1468F22AEFC81700667B1D /* SystemSoundsTests.swift */; };
		4D1468FD2AEFC81700667B1D /* SystemSoundsUITests.swift in Sources */ = {isa = PBXBuildFile; fileRef = 4D1468FC2AEFC81700667B1D /* SystemSoundsUITests.swift */; };
		4D1468FF2AEFC81700667B1D /* SystemSoundsUITestsLaunchTests.swift in Sources */ = {isa = PBXBuildFile; fileRef = 4D1468FE2AEFC81700667B1D /* SystemSoundsUITestsLaunchTests.swift */; };
/* End PBXBuildFile section */

/* Begin PBXContainerItemProxy section */
		4D1468EF2AEFC81700667B1D /* PBXContainerItemProxy */ = {
			isa = PBXContainerItemProxy;
			containerPortal = 4D1468D62AEFC81600667B1D /* Project object */;
			proxyType = 1;
			remoteGlobalIDString = 4D1468DD2AEFC81600667B1D;
			remoteInfo = SystemSounds;
		};
		4D1468F92AEFC81700667B1D /* PBXContainerItemProxy */ = {
			isa = PBXContainerItemProxy;
			containerPortal = 4D1468D62AEFC81600667B1D /* Project object */;
			proxyType = 1;
			remoteGlobalIDString = 4D1468DD2AEFC81600667B1D;
			remoteInfo = SystemSounds;
		};
/* End PBXContainerItemProxy section */

/* Begin PBXFileReference section */
		4D1468DE2AEFC81600667B1D /* SystemSounds.app */ = {isa = PBXFileReference; explicitFileType = wrapper.application; includeInIndex = 0; path = SystemSounds.app; sourceTree = BUILT_PRODUCTS_DIR; };
		4D1468E12AEFC81600667B1D /* SystemSoundsApp.swift */ = {isa = PBXFileReference; lastKnownFileType = sourcecode.swift; path = SystemSoundsApp.swift; sourceTree = "<group>"; };
		4D1468E32AEFC81600667B1D /* ContentView.swift */ = {isa = PBXFileReference; lastKnownFileType = sourcecode.swift; path = ContentView.swift; sourceTree = "<group>"; };
		4D1468E52AEFC81700667B1D /* Assets.xcassets */ = {isa = PBXFileReference; lastKnownFileType = folder.assetcatalog; path = Assets.xcassets; sourceTree = "<group>"; };
		4D1468E82AEFC81700667B1D /* Preview Assets.xcassets */ = {isa = PBXFileReference; lastKnownFileType = folder.assetcatalog; path = "Preview Assets.xcassets"; sourceTree = "<group>"; };
		4D1468EE2AEFC81700667B1D /* SystemSoundsTests.xctest */ = {isa = PBXFileReference; explicitFileType = wrapper.cfbundle; includeInIndex = 0; path = SystemSoundsTests.xctest; sourceTree = BUILT_PRODUCTS_DIR; };
		4D1468F22AEFC81700667B1D /* SystemSoundsTests.swift */ = {isa = PBXFileReference; lastKnownFileType = sourcecode.swift; path = SystemSoundsTests.swift; sourceTree = "<group>"; };
		4D1468F82AEFC81700667B1D /* SystemSoundsUITests.xctest */ = {isa = PBXFileReference; explicitFileType = wrapper.cfbundle; includeInIndex = 0; path = SystemSoundsUITests.xctest; sourceTree = BUILT_PRODUCTS_DIR; };
		4D1468FC2AEFC81700667B1D /* SystemSoundsUITests.swift */ = {isa = PBXFileReference; lastKnownFileType = sourcecode.swift; path = SystemSoundsUITests.swift; sourceTree = "<group>"; };
		4D1468FE2AEFC81700667B1D /* SystemSoundsUITestsLaunchTests.swift */ = {isa = PBXFileReference; lastKnownFileType = sourcecode.swift; path = SystemSoundsUITestsLaunchTests.swift; sourceTree = "<group>"; };
/* End PBXFileReference section */

/* Begin PBXFrameworksBuildPhase section */
		4D1468DB2AEFC81600667B1D /* Frameworks */ = {
			isa = PBXFrameworksBuildPhase;
			buildActionMask = 2147483647;
			files = (
			);
			runOnlyForDeploymentPostprocessing = 0;
		};
		4D1468EB2AEFC81700667B1D /* Frameworks */ = {
			isa = PBXFrameworksBuildPhase;
			buildActionMask = 2147483647;
			files = (
			);
			runOnlyForDeploymentPostprocessing = 0;
		};
		4D1468F52AEFC81700667B1D /* Frameworks */ = {
			isa = PBXFrameworksBuildPhase;
			buildActionMask = 2147483647;
			files = (
			);
			runOnlyForDeploymentPostprocessing = 0;
		};
/* End PBXFrameworksBuildPhase section */

/* Begin PBXGroup section */
		4D1468D52AEFC81600667B1D = {
			isa = PBXGroup;
			children = (
				4D1468E02AEFC81600667B1D /* SystemSounds */,
				4D1468F12AEFC81700667B1D /* SystemSoundsTests */,
				4D1468FB2AEFC81700667B1D /* SystemSoundsUITests */,
				4D1468DF2AEFC81600667B1D /* Products */,
			);
			sourceTree = "<group>";
		};
		4D1468DF2AEFC81600667B1D /* Products */ = {
			isa = PBXGroup;
			children = (
				4D1468DE2AEFC81600667B1D /* SystemSounds.app */,
				4D1468EE2AEFC81700667B1D /* SystemSoundsTests.xctest */,
				4D1468F82AEFC81700667B1D /* SystemSoundsUITests.xctest */,
			);
			name = Products;
			sourceTree = "<group>";
		};
		4D1468E02AEFC81600667B1D /* SystemSounds */ = {
			isa = PBXGroup;
			children = (
				4D1468E12AEFC81600667B1D /* SystemSoundsApp.swift */,
				4D1468E32AEFC81600667B1D /* ContentView.swift */,
				4D1468E52AEFC81700667B1D /* Assets.xcassets */,
				4D1468E72AEFC81700667B1D /* Preview Content */,
			);
			path = SystemSounds;
			sourceTree = "<group>";
		};
		4D1468E72AEFC81700667B1D /* Preview Content */ = {
			isa = PBXGroup;
			children = (
				4D1468E82AEFC81700667B1D /* Preview Assets.xcassets */,
			);
			path = "Preview Content";
			sourceTree = "<group>";
		};
		4D1468F12AEFC81700667B1D /* SystemSoundsTests */ = {
			isa = PBXGroup;
			children = (
				4D1468F22AEFC81700667B1D /* SystemSoundsTests.swift */,
			);
			path = SystemSoundsTests;
			sourceTree = "<group>";
		};
		4D1468FB2AEFC81700667B1D /* SystemSoundsUITests */ = {
			isa = PBXGroup;
			children = (
				4D1468FC2AEFC81700667B1D /* SystemSoundsUITests.swift */,
				4D1468FE2AEFC81700667B1D /* SystemSoundsUITestsLaunchTests.swift */,
			);
			path = SystemSoundsUITests;
			sourceTree = "<group>";
		};
/* End PBXGroup section */

/* Begin PBXNativeTarget section */
		4D1468DD2AEFC81600667B1D /* SystemSounds */ = {
			isa = PBXNativeTarget;
			buildConfigurationList = 4D1469022AEFC81700667B1D /* Build configuration list for PBXNativeTarget "SystemSounds" */;
			buildPhases = (
				4D1468DA2AEFC81600667B1D /* Sources */,
				4D1468DB2AEFC81600667B1D /* Frameworks */,
				4D1468DC2AEFC81600667B1D /* Resources */,
			);
			buildRules = (
			);
			dependencies = (
			);
			name = SystemSounds;
			productName = SystemSounds;
			productReference = 4D1468DE2AEFC81600667B1D /* SystemSounds.app */;
			productType = "com.apple.product-type.application";
		};
		4D1468ED2AEFC81700667B1D /* SystemSoundsTests */ = {
			isa = PBXNativeTarget;
			buildConfigurationList = 4D1469052AEFC81700667B1D /* Build configuration list for PBXNativeTarget "SystemSoundsTests" */;
			buildPhases = (
				4D1468EA2AEFC81700667B1D /* Sources */,
				4D1468EB2AEFC81700667B1D /* Frameworks */,
				4D1468EC2AEFC81700667B1D /* Resources */,
			);
			buildRules = (
			);
			dependencies = (
				4D1468F02AEFC81700667B1D /* PBXTargetDependency */,
			);
			name = SystemSoundsTests;
			productName = SystemSoundsTests;
			productReference = 4D1468EE2AEFC81700667B1D /* SystemSoundsTests.xctest */;
			productType = "com.apple.product-type.bundle.unit-test";
		};
		4D1468F72AEFC81700667B1D /* SystemSoundsUITests */ = {
			isa = PBXNativeTarget;
			buildConfigurationList = 4D1469082AEFC81700667B1D /* Build configuration list for PBXNativeTarget "SystemSoundsUITests" */;
			buildPhases = (
				4D1468F42AEFC81700667B1D /* Sources */,
				4D1468F52AEFC81700667B1D /* Frameworks */,
				4D1468F62AEFC81700667B1D /* Resources */,
			);
			buildRules = (
			);
			dependencies = (
				4D1468FA2AEFC81700667B1D /* PBXTargetDependency */,
			);
			name = SystemSoundsUITests;
			productName = SystemSoundsUITests;
			productReference = 4D1468F82AEFC81700667B1D /* SystemSoundsUITests.xctest */;
			productType = "com.apple.product-type.bundle.ui-testing";
		};
/* End PBXNativeTarget section */

/* Begin PBXProject section */
		4D1468D62AEFC81600667B1D /* Project object */ = {
			isa = PBXProject;
			attributes = {
				BuildIndependentTargetsInParallel = 1;
				LastSwiftUpdateCheck = 1500;
				LastUpgradeCheck = 1500;
				TargetAttributes = {
					4D1468DD2AEFC81600667B1D = {
						CreatedOnToolsVersion = 15.0;
					};
					4D1468ED2AEFC81700667B1D = {
						CreatedOnToolsVersion = 15.0;
						TestTargetID = 4D1468DD2AEFC81600667B1D;
					};
					4D1468F72AEFC81700667B1D = {
						CreatedOnToolsVersion = 15.0;
						TestTargetID = 4D1468DD2AEFC81600667B1D;
					};
				};
			};
			buildConfigurationList = 4D1468D92AEFC81600667B1D /* Build configuration list for PBXProject "SystemSounds" */;
			compatibilityVersion = "Xcode 14.0";
			developmentRegion = en;
			hasScannedForEncodings = 0;
			knownRegions = (
				en,
				Base,
			);
			mainGroup = 4D1468D52AEFC81600667B1D;
			productRefGroup = 4D1468DF2AEFC81600667B1D /* Products */;
			projectDirPath = "";
			projectRoot = "";
			targets = (
				4D1468DD2AEFC81600667B1D /* SystemSounds */,
				4D1468ED2AEFC81700667B1D /* SystemSoundsTests */,
				4D1468F72AEFC81700667B1D /* SystemSoundsUITests */,
			);
		};
/* End PBXProject section */

/* Begin PBXResourcesBuildPhase section */
		4D1468DC2AEFC81600667B1D /* Resources */ = {
			isa = PBXResourcesBuildPhase;
			buildActionMask = 2147483647;
			files = (
				4D1468E92AEFC81700667B1D /* Preview Assets.xcassets in Resources */,
				4D1468E62AEFC81700667B1D /* Assets.xcassets in Resources */,
			);
			runOnlyForDeploymentPostprocessing = 0;
		};
		4D1468EC2AEFC81700667B1D /* Resources */ = {
			isa = PBXResourcesBuildPhase;
			buildActionMask = 2147483647;
			files = (
			);
			runOnlyForDeploymentPostprocessing = 0;
		};
		4D1468F62AEFC81700667B1D /* Resources */ = {
			isa = PBXResourcesBuildPhase;
			buildActionMask = 2147483647;
			files = (
			);
			runOnlyForDeploymentPostprocessing = 0;
		};
/* End PBXResourcesBuildPhase section */

/* Begin PBXSourcesBuildPhase section */
		4D1468DA2AEFC81600667B1D /* Sources */ = {
			isa = PBXSourcesBuildPhase;
			buildActionMask = 2147483647;
			files = (
				4D1468E42AEFC81600667B1D /* ContentView.swift in Sources */,
				4D1468E22AEFC81600667B1D /* SystemSoundsApp.swift in Sources */,
			);
			runOnlyForDeploymentPostprocessing = 0;
		};
		4D1468EA2AEFC81700667B1D /* Sources */ = {
			isa = PBXSourcesBuildPhase;
			buildActionMask = 2147483647;
			files = (
				4D1468F32AEFC81700667B1D /* SystemSoundsTests.swift in Sources */,
			);
			runOnlyForDeploymentPostprocessing = 0;
		};
		4D1468F42AEFC81700667B1D /* Sources */ = {
			isa = PBXSourcesBuildPhase;
			buildActionMask = 2147483647;
			files = (
				4D1468FD2AEFC81700667B1D /* SystemSoundsUITests.swift in Sources */,
				4D1468FF2AEFC81700667B1D /* SystemSoundsUITestsLaunchTests.swift in Sources */,
			);
			runOnlyForDeploymentPostprocessing = 0;
		};
/* End PBXSourcesBuildPhase section */

/* Begin PBXTargetDependency section */
		4D1468F02AEFC81700667B1D /* PBXTargetDependency */ = {
			isa = PBXTargetDependency;
			target = 4D1468DD2AEFC81600667B1D /* SystemSounds */;
			targetProxy = 4D1468EF2AEFC81700667B1D /* PBXContainerItemProxy */;
		};
		4D1468FA2AEFC81700667B1D /* PBXTargetDependency */ = {
			isa = PBXTargetDependency;
			target = 4D1468DD2AEFC81600667B1D /* SystemSounds */;
			targetProxy = 4D1468F92AEFC81700667B1D /* PBXContainerItemProxy */;
		};
/* End PBXTargetDependency section */

/* Begin XCBuildConfiguration section */
		4D1469002AEFC81700667B1D /* Debug */ = {
			isa = XCBuildConfiguration;
			buildSettings = {
				ALWAYS_SEARCH_USER_PATHS = NO;
				ASSETCATALOG_COMPILER_GENERATE_SWIFT_ASSET_SYMBOL_EXTENSIONS = YES;
				CLANG_ANALYZER_NONNULL = YES;
				CLANG_ANALYZER_NUMBER_OBJECT_CONVERSION = YES_AGGRESSIVE;
				CLANG_CXX_LANGUAGE_STANDARD = "gnu++20";
				CLANG_ENABLE_MODULES = YES;
				CLANG_ENABLE_OBJC_ARC = YES;
				CLANG_ENABLE_OBJC_WEAK = YES;
				CLANG_WARN_BLOCK_CAPTURE_AUTORELEASING = YES;
				CLANG_WARN_BOOL_CONVERSION = YES;
				CLANG_WARN_COMMA = YES;
				CLANG_WARN_CONSTANT_CONVERSION = YES;
				CLANG_WARN_DEPRECATED_OBJC_IMPLEMENTATIONS = YES;
				CLANG_WARN_DIRECT_OBJC_ISA_USAGE = YES_ERROR;
				CLANG_WARN_DOCUMENTATION_COMMENTS = YES;
				CLANG_WARN_EMPTY_BODY = YES;
				CLANG_WARN_ENUM_CONVERSION = YES;
				CLANG_WARN_INFINITE_RECURSION = YES;
				CLANG_WARN_INT_CONVERSION = YES;
				CLANG_WARN_NON_LITERAL_NULL_CONVERSION = YES;
				CLANG_WARN_OBJC_IMPLICIT_RETAIN_SELF = YES;
				CLANG_WARN_OBJC_LITERAL_CONVERSION = YES;
				CLANG_WARN_OBJC_ROOT_CLASS = YES_ERROR;
				CLANG_WARN_QUOTED_INCLUDE_IN_FRAMEWORK_HEADER = YES;
				CLANG_WARN_RANGE_LOOP_ANALYSIS = YES;
				CLANG_WARN_STRICT_PROTOTYPES = YES;
				CLANG_WARN_SUSPICIOUS_MOVE = YES;
				CLANG_WARN_UNGUARDED_AVAILABILITY = YES_AGGRESSIVE;
				CLANG_WARN_UNREACHABLE_CODE = YES;
				CLANG_WARN__DUPLICATE_METHOD_MATCH = YES;
				COPY_PHASE_STRIP = NO;
				DEBUG_INFORMATION_FORMAT = dwarf;
				ENABLE_STRICT_OBJC_MSGSEND = YES;
				ENABLE_TESTABILITY = YES;
				ENABLE_USER_SCRIPT_SANDBOXING = YES;
				GCC_C_LANGUAGE_STANDARD = gnu17;
				GCC_DYNAMIC_NO_PIC = NO;
				GCC_NO_COMMON_BLOCKS = YES;
				GCC_OPTIMIZATION_LEVEL = 0;
				GCC_PREPROCESSOR_DEFINITIONS = (
					"DEBUG=1",
					"$(inherited)",
				);
				GCC_WARN_64_TO_32_BIT_CONVERSION = YES;
				GCC_WARN_ABOUT_RETURN_TYPE = YES_ERROR;
				GCC_WARN_UNDECLARED_SELECTOR = YES;
				GCC_WARN_UNINITIALIZED_AUTOS = YES_AGGRESSIVE;
				GCC_WARN_UNUSED_FUNCTION = YES;
				GCC_WARN_UNUSED_VARIABLE = YES;
				IPHONEOS_DEPLOYMENT_TARGET = 17.0;
				LOCALIZATION_PREFERS_STRING_CATALOGS = YES;
				MTL_ENABLE_DEBUG_INFO = INCLUDE_SOURCE;
				MTL_FAST_MATH = YES;
				ONLY_ACTIVE_ARCH = YES;
				SDKROOT = iphoneos;
				SWIFT_ACTIVE_COMPILATION_CONDITIONS = "DEBUG $(inherited)";
				SWIFT_OPTIMIZATION_LEVEL = "-Onone";
			};
			name = Debug;
		};
		4D1469012AEFC81700667B1D /* Release */ = {
			isa = XCBuildConfiguration;
			buildSettings = {
				ALWAYS_SEARCH_USER_PATHS = NO;
				ASSETCATALOG_COMPILER_GENERATE_SWIFT_ASSET_SYMBOL_EXTENSIONS = YES;
				CLANG_ANALYZER_NONNULL = YES;
				CLANG_ANALYZER_NUMBER_OBJECT_CONVERSION = YES_AGGRESSIVE;
				CLANG_CXX_LANGUAGE_STANDARD = "gnu++20";
				CLANG_ENABLE_MODULES = YES;
				CLANG_ENABLE_OBJC_ARC = YES;
				CLANG_ENABLE_OBJC_WEAK = YES;
				CLANG_WARN_BLOCK_CAPTURE_AUTORELEASING = YES;
				CLANG_WARN_BOOL_CONVERSION = YES;
				CLANG_WARN_COMMA = YES;
				CLANG_WARN_CONSTANT_CONVERSION = YES;
				CLANG_WARN_DEPRECATED_OBJC_IMPLEMENTATIONS = YES;
				CLANG_WARN_DIRECT_OBJC_ISA_USAGE = YES_ERROR;
				CLANG_WARN_DOCUMENTATION_COMMENTS = YES;
				CLANG_WARN_EMPTY_BODY = YES;
				CLANG_WARN_ENUM_CONVERSION = YES;
				CLANG_WARN_INFINITE_RECURSION = YES;
				CLANG_WARN_INT_CONVERSION = YES;
				CLANG_WARN_NON_LITERAL_NULL_CONVERSION = YES;
				CLANG_WARN_OBJC_IMPLICIT_RETAIN_SELF = YES;
				CLANG_WARN_OBJC_LITERAL_CONVERSION = YES;
				CLANG_WARN_OBJC_ROOT_CLASS = YES_ERROR;
				CLANG_WARN_QUOTED_INCLUDE_IN_FRAMEWORK_HEADER = YES;
				CLANG_WARN_RANGE_LOOP_ANALYSIS = YES;
				CLANG_WARN_STRICT_PROTOTYPES = YES;
				CLANG_WARN_SUSPICIOUS_MOVE = YES;
				CLANG_WARN_UNGUARDED_AVAILABILITY = YES_AGGRESSIVE;
				CLANG_WARN_UNREACHABLE_CODE = YES;
				CLANG_WARN__DUPLICATE_METHOD_MATCH = YES;
				COPY_PHASE_STRIP = NO;
				DEBUG_INFORMATION_FORMAT = "dwarf-with-dsym";
				ENABLE_NS_ASSERTIONS = NO;
				ENABLE_STRICT_OBJC_MSGSEND = YES;
				ENABLE_USER_SCRIPT_SANDBOXING = YES;
				GCC_C_LANGUAGE_STANDARD = gnu17;
				GCC_NO_COMMON_BLOCKS = YES;
				GCC_WARN_64_TO_32_BIT_CONVERSION = YES;
				GCC_WARN_ABOUT_RETURN_TYPE = YES_ERROR;
				GCC_WARN_UNDECLARED_SELECTOR = YES;
				GCC_WARN_UNINITIALIZED_AUTOS = YES_AGGRESSIVE;
				GCC_WARN_UNUSED_FUNCTION = YES;
				GCC_WARN_UNUSED_VARIABLE = YES;
				IPHONEOS_DEPLOYMENT_TARGET = 17.0;
				LOCALIZATION_PREFERS_STRING_CATALOGS = YES;
				MTL_ENABLE_DEBUG_INFO = NO;
				MTL_FAST_MATH = YES;
				SDKROOT = iphoneos;
				SWIFT_COMPILATION_MODE = wholemodule;
				VALIDATE_PRODUCT = YES;
			};
			name = Release;
		};
		4D1469032AEFC81700667B1D /* Debug */ = {
			isa = XCBuildConfiguration;
			buildSettings = {
				ASSETCATALOG_COMPILER_APPICON_NAME = AppIcon;
				ASSETCATALOG_COMPILER_GLOBAL_ACCENT_COLOR_NAME = AccentColor;
				CODE_SIGN_STYLE = Automatic;
				CURRENT_PROJECT_VERSION = 1;
				DEVELOPMENT_ASSET_PATHS = "\"SystemSounds/Preview Content\"";
				DEVELOPMENT_TEAM = S4247Q7YMN;
				ENABLE_PREVIEWS = YES;
				GENERATE_INFOPLIST_FILE = YES;
				INFOPLIST_KEY_UIApplicationSceneManifest_Generation = YES;
				INFOPLIST_KEY_UIApplicationSupportsIndirectInputEvents = YES;
				INFOPLIST_KEY_UILaunchScreen_Generation = YES;
				INFOPLIST_KEY_UISupportedInterfaceOrientations_iPad = "UIInterfaceOrientationPortrait UIInterfaceOrientationPortraitUpsideDown UIInterfaceOrientationLandscapeLeft UIInterfaceOrientationLandscapeRight";
				INFOPLIST_KEY_UISupportedInterfaceOrientations_iPhone = "UIInterfaceOrientationPortrait UIInterfaceOrientationLandscapeLeft UIInterfaceOrientationLandscapeRight";
				LD_RUNPATH_SEARCH_PATHS = (
					"$(inherited)",
					"@executable_path/Frameworks",
				);
				MARKETING_VERSION = 1.0;
				PRODUCT_BUNDLE_IDENTIFIER = "jan-martenn.SystemSounds";
				PRODUCT_NAME = "$(TARGET_NAME)";
				SWIFT_EMIT_LOC_STRINGS = YES;
				SWIFT_VERSION = 5.0;
				TARGETED_DEVICE_FAMILY = "1,2";
			};
			name = Debug;
		};
		4D1469042AEFC81700667B1D /* Release */ = {
			isa = XCBuildConfiguration;
			buildSettings = {
				ASSETCATALOG_COMPILER_APPICON_NAME = AppIcon;
				ASSETCATALOG_COMPILER_GLOBAL_ACCENT_COLOR_NAME = AccentColor;
				CODE_SIGN_STYLE = Automatic;
				CURRENT_PROJECT_VERSION = 1;
				DEVELOPMENT_ASSET_PATHS = "\"SystemSounds/Preview Content\"";
				DEVELOPMENT_TEAM = S4247Q7YMN;
				ENABLE_PREVIEWS = YES;
				GENERATE_INFOPLIST_FILE = YES;
				INFOPLIST_KEY_UIApplicationSceneManifest_Generation = YES;
				INFOPLIST_KEY_UIApplicationSupportsIndirectInputEvents = YES;
				INFOPLIST_KEY_UILaunchScreen_Generation = YES;
				INFOPLIST_KEY_UISupportedInterfaceOrientations_iPad = "UIInterfaceOrientationPortrait UIInterfaceOrientationPortraitUpsideDown UIInterfaceOrientationLandscapeLeft UIInterfaceOrientationLandscapeRight";
				INFOPLIST_KEY_UISupportedInterfaceOrientations_iPhone = "UIInterfaceOrientationPortrait UIInterfaceOrientationLandscapeLeft UIInterfaceOrientationLandscapeRight";
				LD_RUNPATH_SEARCH_PATHS = (
					"$(inherited)",
					"@executable_path/Frameworks",
				);
				MARKETING_VERSION = 1.0;
				PRODUCT_BUNDLE_IDENTIFIER = "jan-martenn.SystemSounds";
				PRODUCT_NAME = "$(TARGET_NAME)";
				SWIFT_EMIT_LOC_STRINGS = YES;
				SWIFT_VERSION = 5.0;
				TARGETED_DEVICE_FAMILY = "1,2";
			};
			name = Release;
		};
		4D1469062AEFC81700667B1D /* Debug */ = {
			isa = XCBuildConfiguration;
			buildSettings = {
				ALWAYS_EMBED_SWIFT_STANDARD_LIBRARIES = YES;
				BUNDLE_LOADER = "$(TEST_HOST)";
				CODE_SIGN_STYLE = Automatic;
				CURRENT_PROJECT_VERSION = 1;
				DEVELOPMENT_TEAM = S4247Q7YMN;
				GENERATE_INFOPLIST_FILE = YES;
				IPHONEOS_DEPLOYMENT_TARGET = 17.0;
				MARKETING_VERSION = 1.0;
				PRODUCT_BUNDLE_IDENTIFIER = "jan-martenn.SystemSoundsTests";
				PRODUCT_NAME = "$(TARGET_NAME)";
				SWIFT_EMIT_LOC_STRINGS = NO;
				SWIFT_VERSION = 5.0;
				TARGETED_DEVICE_FAMILY = "1,2";
				TEST_HOST = "$(BUILT_PRODUCTS_DIR)/SystemSounds.app/$(BUNDLE_EXECUTABLE_FOLDER_PATH)/SystemSounds";
			};
			name = Debug;
		};
		4D1469072AEFC81700667B1D /* Release */ = {
			isa = XCBuildConfiguration;
			buildSettings = {
				ALWAYS_EMBED_SWIFT_STANDARD_LIBRARIES = YES;
				BUNDLE_LOADER = "$(TEST_HOST)";
				CODE_SIGN_STYLE = Automatic;
				CURRENT_PROJECT_VERSION = 1;
				DEVELOPMENT_TEAM = S4247Q7YMN;
				GENERATE_INFOPLIST_FILE = YES;
				IPHONEOS_DEPLOYMENT_TARGET = 17.0;
				MARKETING_VERSION = 1.0;
				PRODUCT_BUNDLE_IDENTIFIER = "jan-martenn.SystemSoundsTests";
				PRODUCT_NAME = "$(TARGET_NAME)";
				SWIFT_EMIT_LOC_STRINGS = NO;
				SWIFT_VERSION = 5.0;
				TARGETED_DEVICE_FAMILY = "1,2";
				TEST_HOST = "$(BUILT_PRODUCTS_DIR)/SystemSounds.app/$(BUNDLE_EXECUTABLE_FOLDER_PATH)/SystemSounds";
			};
			name = Release;
		};
		4D1469092AEFC81700667B1D /* Debug */ = {
			isa = XCBuildConfiguration;
			buildSettings = {
				ALWAYS_EMBED_SWIFT_STANDARD_LIBRARIES = YES;
				CODE_SIGN_STYLE = Automatic;
				CURRENT_PROJECT_VERSION = 1;
				DEVELOPMENT_TEAM = S4247Q7YMN;
				GENERATE_INFOPLIST_FILE = YES;
				MARKETING_VERSION = 1.0;
				PRODUCT_BUNDLE_IDENTIFIER = "jan-martenn.SystemSoundsUITests";
				PRODUCT_NAME = "$(TARGET_NAME)";
				SWIFT_EMIT_LOC_STRINGS = NO;
				SWIFT_VERSION = 5.0;
				TARGETED_DEVICE_FAMILY = "1,2";
				TEST_TARGET_NAME = SystemSounds;
			};
			name = Debug;
		};
		4D14690A2AEFC81700667B1D /* Release */ = {
			isa = XCBuildConfiguration;
			buildSettings = {
				ALWAYS_EMBED_SWIFT_STANDARD_LIBRARIES = YES;
				CODE_SIGN_STYLE = Automatic;
				CURRENT_PROJECT_VERSION = 1;
				DEVELOPMENT_TEAM = S4247Q7YMN;
				GENERATE_INFOPLIST_FILE = YES;
				MARKETING_VERSION = 1.0;
				PRODUCT_BUNDLE_IDENTIFIER = "jan-martenn.SystemSoundsUITests";
				PRODUCT_NAME = "$(TARGET_NAME)";
				SWIFT_EMIT_LOC_STRINGS = NO;
				SWIFT_VERSION = 5.0;
				TARGETED_DEVICE_FAMILY = "1,2";
				TEST_TARGET_NAME = SystemSounds;
			};
			name = Release;
		};
/* End XCBuildConfiguration section */

/* Begin XCConfigurationList section */
		4D1468D92AEFC81600667B1D /* Build configuration list for PBXProject "SystemSounds" */ = {
			isa = XCConfigurationList;
			buildConfigurations = (
				4D1469002AEFC81700667B1D /* Debug */,
				4D1469012AEFC81700667B1D /* Release */,
			);
			defaultConfigurationIsVisible = 0;
			defaultConfigurationName = Release;
		};
		4D1469022AEFC81700667B1D /* Build configuration list for PBXNativeTarget "SystemSounds" */ = {
			isa = XCConfigurationList;
			buildConfigurations = (
				4D1469032AEFC81700667B1D /* Debug */,
				4D1469042AEFC81700667B1D /* Release */,
			);
			defaultConfigurationIsVisible = 0;
			defaultConfigurationName = Release;
		};
		4D1469052AEFC81700667B1D /* Build configuration list for PBXNativeTarget "SystemSoundsTests" */ = {
			isa = XCConfigurationList;
			buildConfigurations = (
				4D1469062AEFC81700667B1D /* Debug */,
				4D1469072AEFC81700667B1D /* Release */,
			);
			defaultConfigurationIsVisible = 0;
			defaultConfigurationName = Release;
		};
		4D1469082AEFC81700667B1D /* Build configuration list for PBXNativeTarget "SystemSoundsUITests" */ = {
			isa = XCConfigurationList;
			buildConfigurations = (
				4D1469092AEFC81700667B1D /* Debug */,
				4D14690A2AEFC81700667B1D /* Release */,
			);
			defaultConfigurationIsVisible = 0;
			defaultConfigurationName = Release;
		};
/* End XCConfigurationList section */
	};
	rootObject = 4D1468D62AEFC81600667B1D /* Project object */;
}
